
Microsoft Visual Studio Solution File, Format Version 12.00
# Visual Studio Version 17
VisualStudioVersion = 17.7.34302.85
MinimumVisualStudioVersion = 10.0.40219.1
Project("{FAE04EC0-301F-11D3-BF4B-00C04F79EFBC}") = "Ajax.Web", "Ajax.Web\Ajax.Web.csproj", "{FBA2E240-72EE-4319-A043-C07CACA9DD18}"
EndProject
Project("{FAE04EC0-301F-11D3-BF4B-00C04F79EFBC}") = "Ajax.Data", "Ajax.Data\Ajax.Data.csproj", "{E4406F35-C34D-44F3-8341-F7999466EC1B}"
EndProject
Global
	GlobalSection(SolutionConfigurationPlatforms) = preSolution
		Debug|Any CPU = Debug|Any CPU
		Release|Any CPU = Release|Any CPU
	EndGlobalSection
	GlobalSection(ProjectConfigurationPlatforms) = postSolution
		{FBA2E240-72EE-4319-A043-C07CACA9DD18}.Debug|Any CPU.ActiveCfg = Debug|Any CPU
		{FBA2E240-72EE-4319-A043-C07CACA9DD18}.Debug|Any CPU.Build.0 = Debug|Any CPU
		{FBA2E240-72EE-4319-A043-C07CACA9DD18}.Release|Any CPU.ActiveCfg = Release|Any CPU
		{FBA2E240-72EE-4319-A043-C07CACA9DD18}.Release|Any CPU.Build.0 = Release|Any CPU
		{E4406F35-C34D-44F3-8341-F7999466EC1B}.Debug|Any CPU.ActiveCfg = Debug|Any CPU
		{E4406F35-C34D-44F3-8341-F7999466EC1B}.Debug|Any CPU.Build.0 = Debug|Any CPU
		{E4406F35-C34D-44F3-8341-F7999466EC1B}.Release|Any CPU.ActiveCfg = Release|Any CPU
		{E4406F35-C34D-44F3-8341-F7999466EC1B}.Release|Any CPU.Build.0 = Release|Any CPU
	EndGlobalSection
	GlobalSection(SolutionProperties) = preSolution
		HideSolutionNode = FALSE
	EndGlobalSection
	GlobalSection(ExtensibilityGlobals) = postSolution
		SolutionGuid = {B2F88CBC-8A39-4342-92A3-9C1D057251BF}
	EndGlobalSection
EndGlobal
